
Microsoft Visual Studio Solution File, Format Version 12.00
# Visual Studio 15
VisualStudioVersion = 15.0.27428.2037
MinimumVisualStudioVersion = 10.0.40219.1
Project("{9A19103F-16F7-4668-BE54-9A1E7A4F7556}") = "LorlinaBot.Discord", "LorlinaBot.Discord\LorlinaBot.Discord.csproj", "{21BA5331-1E99-430E-99B5-FCD75BC55F1B}"
EndProject
Project("{2150E333-8FDC-42A3-9474-1A3956D46DE8}") = "Solution items", "Solution items", "{861770E5-F2E2-4572-A06C-D023D0871B0F}"
	ProjectSection(SolutionItems) = preProject
		Solution items\FxCop.ruleset = Solution items\FxCop.ruleset
		Solution items\StyleCop.json = Solution items\StyleCop.json
	EndProjectSection
EndProject
Global
	GlobalSection(SolutionConfigurationPlatforms) = preSolution
		Debug|Any CPU = Debug|Any CPU
		Release|Any CPU = Release|Any CPU
	EndGlobalSection
	GlobalSection(ProjectConfigurationPlatforms) = postSolution
		{21BA5331-1E99-430E-99B5-FCD75BC55F1B}.Debug|Any CPU.ActiveCfg = Debug|Any CPU
		{21BA5331-1E99-430E-99B5-FCD75BC55F1B}.Debug|Any CPU.Build.0 = Debug|Any CPU
		{21BA5331-1E99-430E-99B5-FCD75BC55F1B}.Release|Any CPU.ActiveCfg = Release|Any CPU
		{21BA5331-1E99-430E-99B5-FCD75BC55F1B}.Release|Any CPU.Build.0 = Release|Any CPU
	EndGlobalSection
	GlobalSection(SolutionProperties) = preSolution
		HideSolutionNode = FALSE
	EndGlobalSection
	GlobalSection(ExtensibilityGlobals) = postSolution
		SolutionGuid = {2948EBF6-9056-4580-ADBF-CED624A7740C}
	EndGlobalSection
EndGlobal
